// !$*UTF8*$!
{
	archiveVersion = 1;
	classes = {
	};
	objectVersion = 46;
	objects = {

/* Begin PBXBuildFile section */
		C61DA8A91F6CD6D2001CDEE8 /* brendan_image.png in Resources */ = {isa = PBXBuildFile; fileRef = C61DA8A31F6CD6D2001CDEE8 /* brendan_image.png */; };
		C61DA8AA1F6CD6D3001CDEE8 /* harry_image.png in Resources */ = {isa = PBXBuildFile; fileRef = C61DA8A41F6CD6D2001CDEE8 /* harry_image.png */; };
		C61DA8AB1F6CD6D3001CDEE8 /* james_image.png in Resources */ = {isa = PBXBuildFile; fileRef = C61DA8A51F6CD6D2001CDEE8 /* james_image.png */; };
		C61DA8AC1F6CD6D3001CDEE8 /* pete_image.png in Resources */ = {isa = PBXBuildFile; fileRef = C61DA8A61F6CD6D2001CDEE8 /* pete_image.png */; };
		C61DA8AD1F6CD6D3001CDEE8 /* event_image.png in Resources */ = {isa = PBXBuildFile; fileRef = C61DA8A71F6CD6D2001CDEE8 /* event_image.png */; };
		C61DA8BA1F6CE0D1001CDEE8 /* Header@2x.jpg in Resources */ = {isa = PBXBuildFile; fileRef = C61DA8B91F6CE0D1001CDEE8 /* Header@2x.jpg */; };
		C61DA8BC1F6CE54A001CDEE8 /* richard_image.png in Resources */ = {isa = PBXBuildFile; fileRef = C61DA8BB1F6CE54A001CDEE8 /* richard_image.png */; };
		C61DA8BE1F6CE598001CDEE8 /* Meet Up Button@2x.jpg in Resources */ = {isa = PBXBuildFile; fileRef = C61DA8BD1F6CE598001CDEE8 /* Meet Up Button@2x.jpg */; };
		C61DA8C21F6CE5B3001CDEE8 /* dude face.png in Resources */ = {isa = PBXBuildFile; fileRef = C61DA8BF1F6CE5B3001CDEE8 /* dude face.png */; };
		C61DA8C31F6CE5B3001CDEE8 /* Interests.png in Resources */ = {isa = PBXBuildFile; fileRef = C61DA8C01F6CE5B3001CDEE8 /* Interests.png */; };
		C61DA8C41F6CE5B3001CDEE8 /* Message.png in Resources */ = {isa = PBXBuildFile; fileRef = C61DA8C11F6CE5B3001CDEE8 /* Message.png */; };
		C61DA8C61F6CE5C3001CDEE8 /* gray tag@2x.jpg in Resources */ = {isa = PBXBuildFile; fileRef = C61DA8C51F6CE5C3001CDEE8 /* gray tag@2x.jpg */; };
		C61DA8CA1F6CE6DE001CDEE8 /* Dude Fly Up@2x.png in Resources */ = {isa = PBXBuildFile; fileRef = C61DA8C71F6CE6DE001CDEE8 /* Dude Fly Up@2x.png */; };
		C61DA8CB1F6CE6DE001CDEE8 /* Event_Pin@2x.png in Resources */ = {isa = PBXBuildFile; fileRef = C61DA8C81F6CE6DE001CDEE8 /* Event_Pin@2x.png */; };
		C61DA8CC1F6CE6DE001CDEE8 /* single_guy_pin@2x.png in Resources */ = {isa = PBXBuildFile; fileRef = C61DA8C91F6CE6DE001CDEE8 /* single_guy_pin@2x.png */; };
		C62A2D821F6C056A00745628 /* Podfile in Resources */ = {isa = PBXBuildFile; fileRef = C62A2D811F6C056A00745628 /* Podfile */; };
		C696E4891F6CADE1005AFC37 /* database.swift in Sources */ = {isa = PBXBuildFile; fileRef = C696E4881F6CADE1005AFC37 /* database.swift */; };
		C696E48B1F6CB01A005AFC37 /* UserView.xib in Resources */ = {isa = PBXBuildFile; fileRef = C696E48A1F6CB01A005AFC37 /* UserView.xib */; };
		C696E4901F6CB6D6005AFC37 /* SecondViewController.swift in Sources */ = {isa = PBXBuildFile; fileRef = C696E48F1F6CB6D6005AFC37 /* SecondViewController.swift */; };
		C6B470C21F6BF61D00AC7F8B /* AppDelegate.swift in Sources */ = {isa = PBXBuildFile; fileRef = C6B470C11F6BF61D00AC7F8B /* AppDelegate.swift */; };
		C6B470C41F6BF61D00AC7F8B /* ViewController.swift in Sources */ = {isa = PBXBuildFile; fileRef = C6B470C31F6BF61D00AC7F8B /* ViewController.swift */; };
		C6B470C71F6BF61D00AC7F8B /* Main.storyboard in Resources */ = {isa = PBXBuildFile; fileRef = C6B470C51F6BF61D00AC7F8B /* Main.storyboard */; };
		C6B470C91F6BF61D00AC7F8B /* Assets.xcassets in Resources */ = {isa = PBXBuildFile; fileRef = C6B470C81F6BF61D00AC7F8B /* Assets.xcassets */; };
		C6B470D71F6BF61D00AC7F8B /* TestTests.swift in Sources */ = {isa = PBXBuildFile; fileRef = C6B470D61F6BF61D00AC7F8B /* TestTests.swift */; };
		C6B470E21F6BF61D00AC7F8B /* TestUITests.swift in Sources */ = {isa = PBXBuildFile; fileRef = C6B470E11F6BF61D00AC7F8B /* TestUITests.swift */; };
		D2B4FAE17A1F220C6EA3968C /* Pods_Test.framework in Frameworks */ = {isa = PBXBuildFile; fileRef = B10FC6B45216BEB720383D24 /* Pods_Test.framework */; };
/* End PBXBuildFile section */

/* Begin PBXContainerItemProxy section */
		C6B470D31F6BF61D00AC7F8B /* PBXContainerItemProxy */ = {
			isa = PBXContainerItemProxy;
			containerPortal = C6B470B61F6BF61D00AC7F8B /* Project object */;
			proxyType = 1;
			remoteGlobalIDString = C6B470BD1F6BF61D00AC7F8B;
			remoteInfo = Test;
		};
		C6B470DE1F6BF61D00AC7F8B /* PBXContainerItemProxy */ = {
			isa = PBXContainerItemProxy;
			containerPortal = C6B470B61F6BF61D00AC7F8B /* Project object */;
			proxyType = 1;
			remoteGlobalIDString = C6B470BD1F6BF61D00AC7F8B;
			remoteInfo = Test;
		};
/* End PBXContainerItemProxy section */

/* Begin PBXFileReference section */
		8BF56FDA09FCD1AEC5C77B2F /* Pods-Test.release.xcconfig */ = {isa = PBXFileReference; includeInIndex = 1; lastKnownFileType = text.xcconfig; name = "Pods-Test.release.xcconfig"; path = "Pods/Target Support Files/Pods-Test/Pods-Test.release.xcconfig"; sourceTree = "<group>"; };
		B10FC6B45216BEB720383D24 /* Pods_Test.framework */ = {isa = PBXFileReference; explicitFileType = wrapper.framework; includeInIndex = 0; path = Pods_Test.framework; sourceTree = BUILT_PRODUCTS_DIR; };
		C61DA8A31F6CD6D2001CDEE8 /* brendan_image.png */ = {isa = PBXFileReference; lastKnownFileType = image.png; path = brendan_image.png; sourceTree = "<group>"; };
		C61DA8A41F6CD6D2001CDEE8 /* harry_image.png */ = {isa = PBXFileReference; lastKnownFileType = image.png; path = harry_image.png; sourceTree = "<group>"; };
		C61DA8A51F6CD6D2001CDEE8 /* james_image.png */ = {isa = PBXFileReference; lastKnownFileType = image.png; path = james_image.png; sourceTree = "<group>"; };
		C61DA8A61F6CD6D2001CDEE8 /* pete_image.png */ = {isa = PBXFileReference; lastKnownFileType = image.png; path = pete_image.png; sourceTree = "<group>"; };
		C61DA8A71F6CD6D2001CDEE8 /* event_image.png */ = {isa = PBXFileReference; lastKnownFileType = image.png; path = event_image.png; sourceTree = "<group>"; };
		C61DA8B91F6CE0D1001CDEE8 /* Header@2x.jpg */ = {isa = PBXFileReference; lastKnownFileType = image.jpeg; path = "Header@2x.jpg"; sourceTree = "<group>"; };
		C61DA8BB1F6CE54A001CDEE8 /* richard_image.png */ = {isa = PBXFileReference; lastKnownFileType = image.png; path = richard_image.png; sourceTree = "<group>"; };
		C61DA8BD1F6CE598001CDEE8 /* Meet Up Button@2x.jpg */ = {isa = PBXFileReference; lastKnownFileType = image.jpeg; path = "Meet Up Button@2x.jpg"; sourceTree = "<group>"; };
		C61DA8BF1F6CE5B3001CDEE8 /* dude face.png */ = {isa = PBXFileReference; lastKnownFileType = image.png; path = "dude face.png"; sourceTree = "<group>"; };
		C61DA8C01F6CE5B3001CDEE8 /* Interests.png */ = {isa = PBXFileReference; lastKnownFileType = image.png; path = Interests.png; sourceTree = "<group>"; };
		C61DA8C11F6CE5B3001CDEE8 /* Message.png */ = {isa = PBXFileReference; lastKnownFileType = image.png; path = Message.png; sourceTree = "<group>"; };
		C61DA8C51F6CE5C3001CDEE8 /* gray tag@2x.jpg */ = {isa = PBXFileReference; lastKnownFileType = image.jpeg; path = "gray tag@2x.jpg"; sourceTree = "<group>"; };
		C61DA8C71F6CE6DE001CDEE8 /* Dude Fly Up@2x.png */ = {isa = PBXFileReference; lastKnownFileType = image.png; path = "Dude Fly Up@2x.png"; sourceTree = "<group>"; };
		C61DA8C81F6CE6DE001CDEE8 /* Event_Pin@2x.png */ = {isa = PBXFileReference; lastKnownFileType = image.png; path = "Event_Pin@2x.png"; sourceTree = "<group>"; };
		C61DA8C91F6CE6DE001CDEE8 /* single_guy_pin@2x.png */ = {isa = PBXFileReference; lastKnownFileType = image.png; path = "single_guy_pin@2x.png"; sourceTree = "<group>"; };
		C62A2D811F6C056A00745628 /* Podfile */ = {isa = PBXFileReference; fileEncoding = 4; lastKnownFileType = text; path = Podfile; sourceTree = "<group>"; xcLanguageSpecificationIdentifier = xcode.lang.ruby; };
		C696E4881F6CADE1005AFC37 /* database.swift */ = {isa = PBXFileReference; fileEncoding = 4; lastKnownFileType = sourcecode.swift; path = database.swift; sourceTree = "<group>"; };
		C696E48A1F6CB01A005AFC37 /* UserView.xib */ = {isa = PBXFileReference; fileEncoding = 4; lastKnownFileType = file.xib; path = UserView.xib; sourceTree = "<group>"; };
		C696E48F1F6CB6D6005AFC37 /* SecondViewController.swift */ = {isa = PBXFileReference; fileEncoding = 4; lastKnownFileType = sourcecode.swift; path = SecondViewController.swift; sourceTree = "<group>"; };
		C6B470BE1F6BF61D00AC7F8B /* Test.app */ = {isa = PBXFileReference; explicitFileType = wrapper.application; includeInIndex = 0; path = Test.app; sourceTree = BUILT_PRODUCTS_DIR; };
		C6B470C11F6BF61D00AC7F8B /* AppDelegate.swift */ = {isa = PBXFileReference; lastKnownFileType = sourcecode.swift; path = AppDelegate.swift; sourceTree = "<group>"; };
		C6B470C31F6BF61D00AC7F8B /* ViewController.swift */ = {isa = PBXFileReference; lastKnownFileType = sourcecode.swift; path = ViewController.swift; sourceTree = "<group>"; };
		C6B470C61F6BF61D00AC7F8B /* Base */ = {isa = PBXFileReference; lastKnownFileType = file.storyboard; name = Base; path = Base.lproj/Main.storyboard; sourceTree = "<group>"; };
		C6B470C81F6BF61D00AC7F8B /* Assets.xcassets */ = {isa = PBXFileReference; lastKnownFileType = folder.assetcatalog; path = Assets.xcassets; sourceTree = "<group>"; };
		C6B470CD1F6BF61D00AC7F8B /* Info.plist */ = {isa = PBXFileReference; lastKnownFileType = text.plist.xml; path = Info.plist; sourceTree = "<group>"; };
		C6B470D21F6BF61D00AC7F8B /* TestTests.xctest */ = {isa = PBXFileReference; explicitFileType = wrapper.cfbundle; includeInIndex = 0; path = TestTests.xctest; sourceTree = BUILT_PRODUCTS_DIR; };
		C6B470D61F6BF61D00AC7F8B /* TestTests.swift */ = {isa = PBXFileReference; lastKnownFileType = sourcecode.swift; path = TestTests.swift; sourceTree = "<group>"; };
		C6B470D81F6BF61D00AC7F8B /* Info.plist */ = {isa = PBXFileReference; lastKnownFileType = text.plist.xml; path = Info.plist; sourceTree = "<group>"; };
		C6B470DD1F6BF61D00AC7F8B /* TestUITests.xctest */ = {isa = PBXFileReference; explicitFileType = wrapper.cfbundle; includeInIndex = 0; path = TestUITests.xctest; sourceTree = BUILT_PRODUCTS_DIR; };
		C6B470E11F6BF61D00AC7F8B /* TestUITests.swift */ = {isa = PBXFileReference; lastKnownFileType = sourcecode.swift; path = TestUITests.swift; sourceTree = "<group>"; };
		C6B470E31F6BF61D00AC7F8B /* Info.plist */ = {isa = PBXFileReference; lastKnownFileType = text.plist.xml; path = Info.plist; sourceTree = "<group>"; };
		D5683F4A784B29E1CA5822C4 /* Pods-Test.debug.xcconfig */ = {isa = PBXFileReference; includeInIndex = 1; lastKnownFileType = text.xcconfig; name = "Pods-Test.debug.xcconfig"; path = "Pods/Target Support Files/Pods-Test/Pods-Test.debug.xcconfig"; sourceTree = "<group>"; };
/* End PBXFileReference section */

/* Begin PBXFrameworksBuildPhase section */
		C6B470BB1F6BF61D00AC7F8B /* Frameworks */ = {
			isa = PBXFrameworksBuildPhase;
			buildActionMask = 2147483647;
			files = (
				D2B4FAE17A1F220C6EA3968C /* Pods_Test.framework in Frameworks */,
			);
			runOnlyForDeploymentPostprocessing = 0;
		};
		C6B470CF1F6BF61D00AC7F8B /* Frameworks */ = {
			isa = PBXFrameworksBuildPhase;
			buildActionMask = 2147483647;
			files = (
			);
			runOnlyForDeploymentPostprocessing = 0;
		};
		C6B470DA1F6BF61D00AC7F8B /* Frameworks */ = {
			isa = PBXFrameworksBuildPhase;
			buildActionMask = 2147483647;
			files = (
			);
			runOnlyForDeploymentPostprocessing = 0;
		};
/* End PBXFrameworksBuildPhase section */

/* Begin PBXGroup section */
		62F484430CE17703199B3489 /* Pods */ = {
			isa = PBXGroup;
			children = (
				D5683F4A784B29E1CA5822C4 /* Pods-Test.debug.xcconfig */,
				8BF56FDA09FCD1AEC5C77B2F /* Pods-Test.release.xcconfig */,
			);
			name = Pods;
			sourceTree = "<group>";
		};
		92A532B84EE5D33CE601803F /* Frameworks */ = {
			isa = PBXGroup;
			children = (
				B10FC6B45216BEB720383D24 /* Pods_Test.framework */,
			);
			name = Frameworks;
			sourceTree = "<group>";
		};
		C6B470B51F6BF61D00AC7F8B = {
			isa = PBXGroup;
			children = (
				C61DA8C71F6CE6DE001CDEE8 /* Dude Fly Up@2x.png */,
				C61DA8C81F6CE6DE001CDEE8 /* Event_Pin@2x.png */,
				C61DA8C91F6CE6DE001CDEE8 /* single_guy_pin@2x.png */,
				C61DA8C51F6CE5C3001CDEE8 /* gray tag@2x.jpg */,
				C61DA8BF1F6CE5B3001CDEE8 /* dude face.png */,
				C61DA8C01F6CE5B3001CDEE8 /* Interests.png */,
				C61DA8C11F6CE5B3001CDEE8 /* Message.png */,
				C61DA8BD1F6CE598001CDEE8 /* Meet Up Button@2x.jpg */,
				C61DA8BB1F6CE54A001CDEE8 /* richard_image.png */,
				C61DA8B91F6CE0D1001CDEE8 /* Header@2x.jpg */,
				C61DA8A31F6CD6D2001CDEE8 /* brendan_image.png */,
				C61DA8A41F6CD6D2001CDEE8 /* harry_image.png */,
				C61DA8A51F6CD6D2001CDEE8 /* james_image.png */,
				C61DA8A61F6CD6D2001CDEE8 /* pete_image.png */,
				C61DA8A71F6CD6D2001CDEE8 /* event_image.png */,
				C62A2D811F6C056A00745628 /* Podfile */,
				C6B470C01F6BF61D00AC7F8B /* Test */,
				C6B470D51F6BF61D00AC7F8B /* TestTests */,
				C6B470E01F6BF61D00AC7F8B /* TestUITests */,
				C6B470BF1F6BF61D00AC7F8B /* Products */,
				62F484430CE17703199B3489 /* Pods */,
				92A532B84EE5D33CE601803F /* Frameworks */,
			);
			sourceTree = "<group>";
		};
		C6B470BF1F6BF61D00AC7F8B /* Products */ = {
			isa = PBXGroup;
			children = (
				C6B470BE1F6BF61D00AC7F8B /* Test.app */,
				C6B470D21F6BF61D00AC7F8B /* TestTests.xctest */,
				C6B470DD1F6BF61D00AC7F8B /* TestUITests.xctest */,
			);
			name = Products;
			sourceTree = "<group>";
		};
		C6B470C01F6BF61D00AC7F8B /* Test */ = {
			isa = PBXGroup;
			children = (
				C6B470C11F6BF61D00AC7F8B /* AppDelegate.swift */,
				C6B470C31F6BF61D00AC7F8B /* ViewController.swift */,
				C6B470C51F6BF61D00AC7F8B /* Main.storyboard */,
				C696E48F1F6CB6D6005AFC37 /* SecondViewController.swift */,
				C6B470C81F6BF61D00AC7F8B /* Assets.xcassets */,
				C6B470CD1F6BF61D00AC7F8B /* Info.plist */,
				C696E4881F6CADE1005AFC37 /* database.swift */,
				C696E48A1F6CB01A005AFC37 /* UserView.xib */,
			);
			path = Test;
			sourceTree = "<group>";
		};
		C6B470D51F6BF61D00AC7F8B /* TestTests */ = {
			isa = PBXGroup;
			children = (
				C6B470D61F6BF61D00AC7F8B /* TestTests.swift */,
				C6B470D81F6BF61D00AC7F8B /* Info.plist */,
			);
			path = TestTests;
			sourceTree = "<group>";
		};
		C6B470E01F6BF61D00AC7F8B /* TestUITests */ = {
			isa = PBXGroup;
			children = (
				C6B470E11F6BF61D00AC7F8B /* TestUITests.swift */,
				C6B470E31F6BF61D00AC7F8B /* Info.plist */,
			);
			path = TestUITests;
			sourceTree = "<group>";
		};
/* End PBXGroup section */

/* Begin PBXNativeTarget section */
		C6B470BD1F6BF61D00AC7F8B /* Test */ = {
			isa = PBXNativeTarget;
			buildConfigurationList = C6B470E61F6BF61D00AC7F8B /* Build configuration list for PBXNativeTarget "Test" */;
			buildPhases = (
				43D1EEB10C27ED58EDE351F0 /* [CP] Check Pods Manifest.lock */,
				C6B470BA1F6BF61D00AC7F8B /* Sources */,
				C6B470BB1F6BF61D00AC7F8B /* Frameworks */,
				C6B470BC1F6BF61D00AC7F8B /* Resources */,
				0B829E1E95E32FD938D779CE /* [CP] Embed Pods Frameworks */,
				137C04E5049E0BD7FF944EED /* [CP] Copy Pods Resources */,
			);
			buildRules = (
			);
			dependencies = (
			);
			name = Test;
			productName = Test;
			productReference = C6B470BE1F6BF61D00AC7F8B /* Test.app */;
			productType = "com.apple.product-type.application";
		};
		C6B470D11F6BF61D00AC7F8B /* TestTests */ = {
			isa = PBXNativeTarget;
			buildConfigurationList = C6B470E91F6BF61D00AC7F8B /* Build configuration list for PBXNativeTarget "TestTests" */;
			buildPhases = (
				C6B470CE1F6BF61D00AC7F8B /* Sources */,
				C6B470CF1F6BF61D00AC7F8B /* Frameworks */,
				C6B470D01F6BF61D00AC7F8B /* Resources */,
			);
			buildRules = (
			);
			dependencies = (
				C6B470D41F6BF61D00AC7F8B /* PBXTargetDependency */,
			);
			name = TestTests;
			productName = TestTests;
			productReference = C6B470D21F6BF61D00AC7F8B /* TestTests.xctest */;
			productType = "com.apple.product-type.bundle.unit-test";
		};
		C6B470DC1F6BF61D00AC7F8B /* TestUITests */ = {
			isa = PBXNativeTarget;
			buildConfigurationList = C6B470EC1F6BF61D00AC7F8B /* Build configuration list for PBXNativeTarget "TestUITests" */;
			buildPhases = (
				C6B470D91F6BF61D00AC7F8B /* Sources */,
				C6B470DA1F6BF61D00AC7F8B /* Frameworks */,
				C6B470DB1F6BF61D00AC7F8B /* Resources */,
			);
			buildRules = (
			);
			dependencies = (
				C6B470DF1F6BF61D00AC7F8B /* PBXTargetDependency */,
			);
			name = TestUITests;
			productName = TestUITests;
			productReference = C6B470DD1F6BF61D00AC7F8B /* TestUITests.xctest */;
			productType = "com.apple.product-type.bundle.ui-testing";
		};
/* End PBXNativeTarget section */

/* Begin PBXProject section */
		C6B470B61F6BF61D00AC7F8B /* Project object */ = {
			isa = PBXProject;
			attributes = {
				LastSwiftUpdateCheck = 0830;
				LastUpgradeCheck = 0830;
				ORGANIZATIONNAME = "Brendan Rogers";
				TargetAttributes = {
					C6B470BD1F6BF61D00AC7F8B = {
						CreatedOnToolsVersion = 8.3.2;
						ProvisioningStyle = Automatic;
					};
					C6B470D11F6BF61D00AC7F8B = {
						CreatedOnToolsVersion = 8.3.2;
						ProvisioningStyle = Automatic;
						TestTargetID = C6B470BD1F6BF61D00AC7F8B;
					};
					C6B470DC1F6BF61D00AC7F8B = {
						CreatedOnToolsVersion = 8.3.2;
						ProvisioningStyle = Automatic;
						TestTargetID = C6B470BD1F6BF61D00AC7F8B;
					};
				};
			};
			buildConfigurationList = C6B470B91F6BF61D00AC7F8B /* Build configuration list for PBXProject "Test" */;
			compatibilityVersion = "Xcode 3.2";
			developmentRegion = English;
			hasScannedForEncodings = 0;
			knownRegions = (
				en,
				Base,
			);
			mainGroup = C6B470B51F6BF61D00AC7F8B;
			productRefGroup = C6B470BF1F6BF61D00AC7F8B /* Products */;
			projectDirPath = "";
			projectRoot = "";
			targets = (
				C6B470BD1F6BF61D00AC7F8B /* Test */,
				C6B470D11F6BF61D00AC7F8B /* TestTests */,
				C6B470DC1F6BF61D00AC7F8B /* TestUITests */,
			);
		};
/* End PBXProject section */

/* Begin PBXResourcesBuildPhase section */
		C6B470BC1F6BF61D00AC7F8B /* Resources */ = {
			isa = PBXResourcesBuildPhase;
			buildActionMask = 2147483647;
			files = (
				C61DA8AB1F6CD6D3001CDEE8 /* james_image.png in Resources */,
				C61DA8C21F6CE5B3001CDEE8 /* dude face.png in Resources */,
				C61DA8A91F6CD6D2001CDEE8 /* brendan_image.png in Resources */,
				C61DA8C61F6CE5C3001CDEE8 /* gray tag@2x.jpg in Resources */,
				C61DA8BE1F6CE598001CDEE8 /* Meet Up Button@2x.jpg in Resources */,
				C61DA8BC1F6CE54A001CDEE8 /* richard_image.png in Resources */,
				C61DA8C31F6CE5B3001CDEE8 /* Interests.png in Resources */,
				C61DA8AA1F6CD6D3001CDEE8 /* harry_image.png in Resources */,
				C61DA8BA1F6CE0D1001CDEE8 /* Header@2x.jpg in Resources */,
				C6B470C91F6BF61D00AC7F8B /* Assets.xcassets in Resources */,
				C61DA8C41F6CE5B3001CDEE8 /* Message.png in Resources */,
				C61DA8CB1F6CE6DE001CDEE8 /* Event_Pin@2x.png in Resources */,
				C62A2D821F6C056A00745628 /* Podfile in Resources */,
				C6B470C71F6BF61D00AC7F8B /* Main.storyboard in Resources */,
				C696E48B1F6CB01A005AFC37 /* UserView.xib in Resources */,
				C61DA8AD1F6CD6D3001CDEE8 /* event_image.png in Resources */,
				C61DA8AC1F6CD6D3001CDEE8 /* pete_image.png in Resources */,
				C61DA8CC1F6CE6DE001CDEE8 /* single_guy_pin@2x.png in Resources */,
				C61DA8CA1F6CE6DE001CDEE8 /* Dude Fly Up@2x.png in Resources */,
			);
			runOnlyForDeploymentPostprocessing = 0;
		};
		C6B470D01F6BF61D00AC7F8B /* Resources */ = {
			isa = PBXResourcesBuildPhase;
			buildActionMask = 2147483647;
			files = (
			);
			runOnlyForDeploymentPostprocessing = 0;
		};
		C6B470DB1F6BF61D00AC7F8B /* Resources */ = {
			isa = PBXResourcesBuildPhase;
			buildActionMask = 2147483647;
			files = (
			);
			runOnlyForDeploymentPostprocessing = 0;
		};
/* End PBXResourcesBuildPhase section */

/* Begin PBXShellScriptBuildPhase section */
		0B829E1E95E32FD938D779CE /* [CP] Embed Pods Frameworks */ = {
			isa = PBXShellScriptBuildPhase;
			buildActionMask = 2147483647;
			files = (
			);
			inputPaths = (
				"${SRCROOT}/Pods/Target Support Files/Pods-Test/Pods-Test-frameworks.sh",
				"${BUILT_PRODUCTS_DIR}/Alamofire/Alamofire.framework",
			);
			name = "[CP] Embed Pods Frameworks";
			outputPaths = (
				"${TARGET_BUILD_DIR}/${FRAMEWORKS_FOLDER_PATH}/Alamofire.framework",
			);
			runOnlyForDeploymentPostprocessing = 0;
			shellPath = /bin/sh;
			shellScript = "\"${SRCROOT}/Pods/Target Support Files/Pods-Test/Pods-Test-frameworks.sh\"\n";
			showEnvVarsInLog = 0;
		};
		137C04E5049E0BD7FF944EED /* [CP] Copy Pods Resources */ = {
			isa = PBXShellScriptBuildPhase;
			buildActionMask = 2147483647;
			files = (
			);
			inputPaths = (
				"${SRCROOT}/Pods/Target Support Files/Pods-Test/Pods-Test-resources.sh",
				"${PODS_ROOT}/GoogleMaps/Maps/Frameworks/GoogleMaps.framework/Resources/GoogleMaps.bundle",
				"${PODS_ROOT}/GooglePlaces/Frameworks/GooglePlaces.framework/Resources/GooglePlaces.bundle",
			);
			name = "[CP] Copy Pods Resources";
			outputPaths = (
				"${TARGET_BUILD_DIR}/${UNLOCALIZED_RESOURCES_FOLDER_PATH}",
			);
			runOnlyForDeploymentPostprocessing = 0;
			shellPath = /bin/sh;
			shellScript = "\"${SRCROOT}/Pods/Target Support Files/Pods-Test/Pods-Test-resources.sh\"\n";
			showEnvVarsInLog = 0;
		};
		43D1EEB10C27ED58EDE351F0 /* [CP] Check Pods Manifest.lock */ = {
			isa = PBXShellScriptBuildPhase;
			buildActionMask = 2147483647;
			files = (
			);
			inputPaths = (
				"${PODS_PODFILE_DIR_PATH}/Podfile.lock",
				"${PODS_ROOT}/Manifest.lock",
			);
			name = "[CP] Check Pods Manifest.lock";
			outputPaths = (
				"$(DERIVED_FILE_DIR)/Pods-Test-checkManifestLockResult.txt",
			);
			runOnlyForDeploymentPostprocessing = 0;
			shellPath = /bin/sh;
			shellScript = "diff \"${PODS_PODFILE_DIR_PATH}/Podfile.lock\" \"${PODS_ROOT}/Manifest.lock\" > /dev/null\nif [ $? != 0 ] ; then\n    # print error to STDERR\n    echo \"error: The sandbox is not in sync with the Podfile.lock. Run 'pod install' or update your CocoaPods installation.\" >&2\n    exit 1\nfi\n# This output is used by Xcode 'outputs' to avoid re-running this script phase.\necho \"SUCCESS\" > \"${SCRIPT_OUTPUT_FILE_0}\"\n";
			showEnvVarsInLog = 0;
		};
/* End PBXShellScriptBuildPhase section */

/* Begin PBXSourcesBuildPhase section */
		C6B470BA1F6BF61D00AC7F8B /* Sources */ = {
			isa = PBXSourcesBuildPhase;
			buildActionMask = 2147483647;
			files = (
				C696E4901F6CB6D6005AFC37 /* SecondViewController.swift in Sources */,
				C6B470C41F6BF61D00AC7F8B /* ViewController.swift in Sources */,
				C6B470C21F6BF61D00AC7F8B /* AppDelegate.swift in Sources */,
				C696E4891F6CADE1005AFC37 /* database.swift in Sources */,
			);
			runOnlyForDeploymentPostprocessing = 0;
		};
		C6B470CE1F6BF61D00AC7F8B /* Sources */ = {
			isa = PBXSourcesBuildPhase;
			buildActionMask = 2147483647;
			files = (
				C6B470D71F6BF61D00AC7F8B /* TestTests.swift in Sources */,
			);
			runOnlyForDeploymentPostprocessing = 0;
		};
		C6B470D91F6BF61D00AC7F8B /* Sources */ = {
			isa = PBXSourcesBuildPhase;
			buildActionMask = 2147483647;
			files = (
				C6B470E21F6BF61D00AC7F8B /* TestUITests.swift in Sources */,
			);
			runOnlyForDeploymentPostprocessing = 0;
		};
/* End PBXSourcesBuildPhase section */

/* Begin PBXTargetDependency section */
		C6B470D41F6BF61D00AC7F8B /* PBXTargetDependency */ = {
			isa = PBXTargetDependency;
			target = C6B470BD1F6BF61D00AC7F8B /* Test */;
			targetProxy = C6B470D31F6BF61D00AC7F8B /* PBXContainerItemProxy */;
		};
		C6B470DF1F6BF61D00AC7F8B /* PBXTargetDependency */ = {
			isa = PBXTargetDependency;
			target = C6B470BD1F6BF61D00AC7F8B /* Test */;
			targetProxy = C6B470DE1F6BF61D00AC7F8B /* PBXContainerItemProxy */;
		};
/* End PBXTargetDependency section */

/* Begin PBXVariantGroup section */
		C6B470C51F6BF61D00AC7F8B /* Main.storyboard */ = {
			isa = PBXVariantGroup;
			children = (
				C6B470C61F6BF61D00AC7F8B /* Base */,
			);
			name = Main.storyboard;
			sourceTree = "<group>";
		};
/* End PBXVariantGroup section */

/* Begin XCBuildConfiguration section */
		C6B470E41F6BF61D00AC7F8B /* Debug */ = {
			isa = XCBuildConfiguration;
			buildSettings = {
				ALWAYS_SEARCH_USER_PATHS = NO;
				CLANG_ANALYZER_NONNULL = YES;
				CLANG_ANALYZER_NUMBER_OBJECT_CONVERSION = YES_AGGRESSIVE;
				CLANG_CXX_LANGUAGE_STANDARD = "gnu++0x";
				CLANG_CXX_LIBRARY = "libc++";
				CLANG_ENABLE_MODULES = YES;
				CLANG_ENABLE_OBJC_ARC = YES;
				CLANG_WARN_BOOL_CONVERSION = YES;
				CLANG_WARN_CONSTANT_CONVERSION = YES;
				CLANG_WARN_DIRECT_OBJC_ISA_USAGE = YES_ERROR;
				CLANG_WARN_DOCUMENTATION_COMMENTS = YES;
				CLANG_WARN_EMPTY_BODY = YES;
				CLANG_WARN_ENUM_CONVERSION = YES;
				CLANG_WARN_INFINITE_RECURSION = YES;
				CLANG_WARN_INT_CONVERSION = YES;
				CLANG_WARN_OBJC_ROOT_CLASS = YES_ERROR;
				CLANG_WARN_SUSPICIOUS_MOVE = YES;
				CLANG_WARN_UNREACHABLE_CODE = YES;
				CLANG_WARN__DUPLICATE_METHOD_MATCH = YES;
				"CODE_SIGN_IDENTITY[sdk=iphoneos*]" = "iPhone Developer";
				COPY_PHASE_STRIP = NO;
				DEBUG_INFORMATION_FORMAT = dwarf;
				ENABLE_STRICT_OBJC_MSGSEND = YES;
				ENABLE_TESTABILITY = YES;
				GCC_C_LANGUAGE_STANDARD = gnu99;
				GCC_DYNAMIC_NO_PIC = NO;
				GCC_NO_COMMON_BLOCKS = YES;
				GCC_OPTIMIZATION_LEVEL = 0;
				GCC_PREPROCESSOR_DEFINITIONS = (
					"DEBUG=1",
					"$(inherited)",
				);
				GCC_WARN_64_TO_32_BIT_CONVERSION = YES;
				GCC_WARN_ABOUT_RETURN_TYPE = YES_ERROR;
				GCC_WARN_UNDECLARED_SELECTOR = YES;
				GCC_WARN_UNINITIALIZED_AUTOS = YES_AGGRESSIVE;
				GCC_WARN_UNUSED_FUNCTION = YES;
				GCC_WARN_UNUSED_VARIABLE = YES;
				IPHONEOS_DEPLOYMENT_TARGET = 10.3;
				MTL_ENABLE_DEBUG_INFO = YES;
				ONLY_ACTIVE_ARCH = YES;
				SDKROOT = iphoneos;
				SWIFT_ACTIVE_COMPILATION_CONDITIONS = DEBUG;
				SWIFT_OPTIMIZATION_LEVEL = "-Onone";
			};
			name = Debug;
		};
		C6B470E51F6BF61D00AC7F8B /* Release */ = {
			isa = XCBuildConfiguration;
			buildSettings = {
				ALWAYS_SEARCH_USER_PATHS = NO;
				CLANG_ANALYZER_NONNULL = YES;
				CLANG_ANALYZER_NUMBER_OBJECT_CONVERSION = YES_AGGRESSIVE;
				CLANG_CXX_LANGUAGE_STANDARD = "gnu++0x";
				CLANG_CXX_LIBRARY = "libc++";
				CLANG_ENABLE_MODULES = YES;
				CLANG_ENABLE_OBJC_ARC = YES;
				CLANG_WARN_BOOL_CONVERSION = YES;
				CLANG_WARN_CONSTANT_CONVERSION = YES;
				CLANG_WARN_DIRECT_OBJC_ISA_USAGE = YES_ERROR;
				CLANG_WARN_DOCUMENTATION_COMMENTS = YES;
				CLANG_WARN_EMPTY_BODY = YES;
				CLANG_WARN_ENUM_CONVERSION = YES;
				CLANG_WARN_INFINITE_RECURSION = YES;
				CLANG_WARN_INT_CONVERSION = YES;
				CLANG_WARN_OBJC_ROOT_CLASS = YES_ERROR;
				CLANG_WARN_SUSPICIOUS_MOVE = YES;
				CLANG_WARN_UNREACHABLE_CODE = YES;
				CLANG_WARN__DUPLICATE_METHOD_MATCH = YES;
				"CODE_SIGN_IDENTITY[sdk=iphoneos*]" = "iPhone Developer";
				COPY_PHASE_STRIP = NO;
				DEBUG_INFORMATION_FORMAT = "dwarf-with-dsym";
				ENABLE_NS_ASSERTIONS = NO;
				ENABLE_STRICT_OBJC_MSGSEND = YES;
				GCC_C_LANGUAGE_STANDARD = gnu99;
				GCC_NO_COMMON_BLOCKS = YES;
				GCC_WARN_64_TO_32_BIT_CONVERSION = YES;
				GCC_WARN_ABOUT_RETURN_TYPE = YES_ERROR;
				GCC_WARN_UNDECLARED_SELECTOR = YES;
				GCC_WARN_UNINITIALIZED_AUTOS = YES_AGGRESSIVE;
				GCC_WARN_UNUSED_FUNCTION = YES;
				GCC_WARN_UNUSED_VARIABLE = YES;
				IPHONEOS_DEPLOYMENT_TARGET = 10.3;
				MTL_ENABLE_DEBUG_INFO = NO;
				SDKROOT = iphoneos;
				SWIFT_OPTIMIZATION_LEVEL = "-Owholemodule";
				VALIDATE_PRODUCT = YES;
			};
			name = Release;
		};
		C6B470E71F6BF61D00AC7F8B /* Debug */ = {
			isa = XCBuildConfiguration;
			baseConfigurationReference = D5683F4A784B29E1CA5822C4 /* Pods-Test.debug.xcconfig */;
			buildSettings = {
				ASSETCATALOG_COMPILER_APPICON_NAME = AppIcon;
				INFOPLIST_FILE = Test/Info.plist;
				LD_RUNPATH_SEARCH_PATHS = "$(inherited) @executable_path/Frameworks";
				PRODUCT_BUNDLE_IDENTIFIER = uon.Test;
				PRODUCT_NAME = "$(TARGET_NAME)";
				SWIFT_VERSION = 3.0;
			};
			name = Debug;
		};
		C6B470E81F6BF61D00AC7F8B /* Release */ = {
			isa = XCBuildConfiguration;
			baseConfigurationReference = 8BF56FDA09FCD1AEC5C77B2F /* Pods-Test.release.xcconfig */;
			buildSettings = {
				ASSETCATALOG_COMPILER_APPICON_NAME = AppIcon;
				INFOPLIST_FILE = Test/Info.plist;
				LD_RUNPATH_SEARCH_PATHS = "$(inherited) @executable_path/Frameworks";
				PRODUCT_BUNDLE_IDENTIFIER = uon.Test;
				PRODUCT_NAME = "$(TARGET_NAME)";
				SWIFT_VERSION = 3.0;
			};
			name = Release;
		};
		C6B470EA1F6BF61D00AC7F8B /* Debug */ = {
			isa = XCBuildConfiguration;
			buildSettings = {
				ALWAYS_EMBED_SWIFT_STANDARD_LIBRARIES = YES;
				BUNDLE_LOADER = "$(TEST_HOST)";
				INFOPLIST_FILE = TestTests/Info.plist;
				LD_RUNPATH_SEARCH_PATHS = "$(inherited) @executable_path/Frameworks @loader_path/Frameworks";
				PRODUCT_BUNDLE_IDENTIFIER = uon.TestTests;
				PRODUCT_NAME = "$(TARGET_NAME)";
				SWIFT_VERSION = 3.0;
				TEST_HOST = "$(BUILT_PRODUCTS_DIR)/Test.app/Test";
			};
			name = Debug;
		};
		C6B470EB1F6BF61D00AC7F8B /* Release */ = {
			isa = XCBuildConfiguration;
			buildSettings = {
				ALWAYS_EMBED_SWIFT_STANDARD_LIBRARIES = YES;
				BUNDLE_LOADER = "$(TEST_HOST)";
				INFOPLIST_FILE = TestTests/Info.plist;
				LD_RUNPATH_SEARCH_PATHS = "$(inherited) @executable_path/Frameworks @loader_path/Frameworks";
				PRODUCT_BUNDLE_IDENTIFIER = uon.TestTests;
				PRODUCT_NAME = "$(TARGET_NAME)";
				SWIFT_VERSION = 3.0;
				TEST_HOST = "$(BUILT_PRODUCTS_DIR)/Test.app/Test";
			};
			name = Release;
		};
		C6B470ED1F6BF61D00AC7F8B /* Debug */ = {
			isa = XCBuildConfiguration;
			buildSettings = {
				ALWAYS_EMBED_SWIFT_STANDARD_LIBRARIES = YES;
				INFOPLIST_FILE = TestUITests/Info.plist;
				LD_RUNPATH_SEARCH_PATHS = "$(inherited) @executable_path/Frameworks @loader_path/Frameworks";
				PRODUCT_BUNDLE_IDENTIFIER = uon.TestUITests;
				PRODUCT_NAME = "$(TARGET_NAME)";
				SWIFT_VERSION = 3.0;
				TEST_TARGET_NAME = Test;
			};
			name = Debug;
		};
		C6B470EE1F6BF61D00AC7F8B /* Release */ = {
			isa = XCBuildConfiguration;
			buildSettings = {
				ALWAYS_EMBED_SWIFT_STANDARD_LIBRARIES = YES;
				INFOPLIST_FILE = TestUITests/Info.plist;
				LD_RUNPATH_SEARCH_PATHS = "$(inherited) @executable_path/Frameworks @loader_path/Frameworks";
				PRODUCT_BUNDLE_IDENTIFIER = uon.TestUITests;
				PRODUCT_NAME = "$(TARGET_NAME)";
				SWIFT_VERSION = 3.0;
				TEST_TARGET_NAME = Test;
			};
			name = Release;
		};
/* End XCBuildConfiguration section */

/* Begin XCConfigurationList section */
		C6B470B91F6BF61D00AC7F8B /* Build configuration list for PBXProject "Test" */ = {
			isa = XCConfigurationList;
			buildConfigurations = (
				C6B470E41F6BF61D00AC7F8B /* Debug */,
				C6B470E51F6BF61D00AC7F8B /* Release */,
			);
			defaultConfigurationIsVisible = 0;
			defaultConfigurationName = Release;
		};
		C6B470E61F6BF61D00AC7F8B /* Build configuration list for PBXNativeTarget "Test" */ = {
			isa = XCConfigurationList;
			buildConfigurations = (
				C6B470E71F6BF61D00AC7F8B /* Debug */,
				C6B470E81F6BF61D00AC7F8B /* Release */,
			);
			defaultConfigurationIsVisible = 0;
			defaultConfigurationName = Release;
		};
		C6B470E91F6BF61D00AC7F8B /* Build configuration list for PBXNativeTarget "TestTests" */ = {
			isa = XCConfigurationList;
			buildConfigurations = (
				C6B470EA1F6BF61D00AC7F8B /* Debug */,
				C6B470EB1F6BF61D00AC7F8B /* Release */,
			);
			defaultConfigurationIsVisible = 0;
			defaultConfigurationName = Release;
		};
		C6B470EC1F6BF61D00AC7F8B /* Build configuration list for PBXNativeTarget "TestUITests" */ = {
			isa = XCConfigurationList;
			buildConfigurations = (
				C6B470ED1F6BF61D00AC7F8B /* Debug */,
				C6B470EE1F6BF61D00AC7F8B /* Release */,
			);
			defaultConfigurationIsVisible = 0;
			defaultConfigurationName = Release;
		};
/* End XCConfigurationList section */
	};
	rootObject = C6B470B61F6BF61D00AC7F8B /* Project object */;
}
